
Microsoft Visual Studio Solution File, Format Version 12.00
# Visual Studio Version 16
VisualStudioVersion = 16.0.29926.136
MinimumVisualStudioVersion = 10.0.40219.1
Project("{FAE04EC0-301F-11D3-BF4B-00C04F79EFBC}") = "B20_Ex02", "B20_Ex02\B20_Ex02.csproj", "{70FB457F-68C4-4913-87D2-774DF7C33DCB}"
EndProject
Global
	GlobalSection(SolutionConfigurationPlatforms) = preSolution
		Debug|Any CPU = Debug|Any CPU
		Release|Any CPU = Release|Any CPU
	EndGlobalSection
	GlobalSection(ProjectConfigurationPlatforms) = postSolution
		{70FB457F-68C4-4913-87D2-774DF7C33DCB}.Debug|Any CPU.ActiveCfg = Debug|Any CPU
		{70FB457F-68C4-4913-87D2-774DF7C33DCB}.Debug|Any CPU.Build.0 = Debug|Any CPU
		{70FB457F-68C4-4913-87D2-774DF7C33DCB}.Release|Any CPU.ActiveCfg = Release|Any CPU
		{70FB457F-68C4-4913-87D2-774DF7C33DCB}.Release|Any CPU.Build.0 = Release|Any CPU
	EndGlobalSection
	GlobalSection(SolutionProperties) = preSolution
		HideSolutionNode = FALSE
	EndGlobalSection
	GlobalSection(ExtensibilityGlobals) = postSolution
		SolutionGuid = {68D48C05-594B-45A1-B6F9-0E8BB4BE7DCE}
	EndGlobalSection
EndGlobal
